{
  "lockfileVersion": 1,
  "configVersion": 1,
  "workspaces": {
    "": {
      "name": "errors-adapters",
    },
    "postgres": {
      "name": "@absolutejs/errors-postgres",
      "version": "0.1.0",
      "dependencies": {
        "@absolutejs/manifest": "^0.7.1",
        "@sinclair/typebox": "^0.34.0",
      },
      "devDependencies": {
        "@absolutejs/errors": "0.6.0",
        "@electric-sql/pglite": "0.3.14",
        "@types/bun": "1.3.14",
        "drizzle-orm": "1.0.0-rc.4",
        "effect": "3.22.0",
        "postgres": "3.4.9",
        "prettier": "3.5.3",
        "typescript": "5.8.3",
      },
      "peerDependencies": {
        "@absolutejs/errors": ">=0.6.0 <0.7.0",
        "drizzle-orm": ">=1.0.0-rc.4 <2",
        "effect": ">=3.22.0 <4",
      },
    },
  },
  "packages": {
    "@absolutejs/errors": ["@absolutejs/errors@0.6.0", "", { "dependencies": { "@absolutejs/manifest": "^0.7.1", "@sinclair/typebox": "^0.34.0" }, "peerDependencies": { "@jridgewell/trace-mapping": ">=0.3.31 <0.4", "effect": ">=3.22.0 <4", "elysia": ">=1.4.29 <2" }, "optionalPeers": ["@jridgewell/trace-mapping", "elysia"] }, "sha512-iaxzV/vnKwsgHYDVydxyFsHFVQOYz27qOpZ0/kPen8UdB3lzi2Ew/2FhuHEEPGhDg8+R56XrFbUUpWb0SbGxQg=="],

    "@absolutejs/errors-postgres": ["@absolutejs/errors-postgres@workspace:postgres"],

    "@absolutejs/manifest": ["@absolutejs/manifest@0.7.1", "", { "peerDependencies": { "@sinclair/typebox": ">=0.34.0 <0.35.0" }, "bin": { "absolute-manifest": "dist/cli.js" } }, "sha512-xlS8mbXvYk1k6ueI4aCflSqpSU78P0gEO56zc0kl/CVoa2iZ2qaTBONrhiaaM1aM+5zBbqlp5i8E4BiONhcKog=="],

    "@electric-sql/pglite": ["@electric-sql/pglite@0.3.14", "", {}, "sha512-3DB258dhqdsArOI1fIt7cb9RpUOgcDg5hXWVgVHAeqVQ/qxtFy605QKs4gx6mFq3jWsSPqDN8TgSEsqC3OfV9Q=="],

    "@sinclair/typebox": ["@sinclair/typebox@0.34.52", "", {}, "sha512-XiMQh7qqVlxZzcVD+kkGMNGMzcTrDMLWI7S4x7z1MkCkbDPrekpZXEUK0eZqZFMuHQg2a2DZOcDIh9o5v3Gonw=="],

    "@standard-schema/spec": ["@standard-schema/spec@1.1.0", "", {}, "sha512-l2aFy5jALhniG5HgqrD6jXLi/rUWrKvqN/qJx6yoJsgKhblVd+iqqU4RCXavm/jPityDo5TCvKMnpjKnOriy0w=="],

    "@types/bun": ["@types/bun@1.3.14", "", { "dependencies": { "bun-types": "1.3.14" } }, "sha512-h1hFqFVcvAvD9j9K7ZW7vd82aSA+rTdznZa+5bwvCwqSB1jmmfLcbIWhOLx1/+boy/xmjgCs/OMUL8hRJSmnPw=="],

    "@types/node": ["@types/node@26.0.0", "", { "dependencies": { "undici-types": "~8.3.0" } }, "sha512-vf2YFi1iY9lHGwNJMs01biZFbKJkrZR1T6/MlzjhJLPdntOHLhTrDSnSVcdtvjihi4VQNlrFRIxLsDBlQpAipA=="],

    "bun-types": ["bun-types@1.3.14", "", { "dependencies": { "@types/node": "*" } }, "sha512-4N0ig0fEomHt5R0KCFWjovxow98rIoRwKolrYdCcknNwMekCXRnWEUvgu5soYV8QXtVsrUD8B95MBOZGPvr6KQ=="],

    "drizzle-orm": ["drizzle-orm@1.0.0-rc.4", "", { "peerDependencies": { "@aws-sdk/client-rds-data": ">=3", "@cloudflare/workers-types": ">=4", "@effect/sql-d1": ">=4.0.0-beta.83 || >=4.0.0", "@effect/sql-libsql": ">=4.0.0-beta.83 || >=4.0.0", "@effect/sql-mysql2": ">=4.0.0-beta.83 || >=4.0.0", "@effect/sql-pg": ">=4.0.0-beta.83 || >=4.0.0", "@effect/sql-pglite": ">=4.0.0-beta.83 || >=4.0.0", "@effect/sql-sqlite-bun": ">=4.0.0-beta.83 || >=4.0.0", "@effect/sql-sqlite-do": ">=4.0.0-beta.83 || >=4.0.0", "@effect/sql-sqlite-node": ">=4.0.0-beta.83 || >=4.0.0", "@effect/sql-sqlite-wasm": ">=4.0.0-beta.83 || >=4.0.0", "@electric-sql/pglite": ">=0.2.0", "@libsql/client": ">=0.10.0", "@libsql/client-wasm": ">=0.10.0", "@neondatabase/serverless": ">=0.10.0", "@op-engineering/op-sqlite": ">=2", "@opentelemetry/api": "^1.4.1", "@planetscale/database": ">=1.13", "@sinclair/typebox": ">=0.34.8", "@sqlitecloud/drivers": ">=1.0.653", "@tidbcloud/serverless": "*", "@tursodatabase/database": ">=0.6.0-pre.28 || >=0.6.0", "@tursodatabase/database-common": ">=0.6.0-pre.28 || >=0.6.0", "@tursodatabase/database-wasm": ">=0.6.0-pre.28 || >=0.6.0", "@tursodatabase/serverless": ">=1.1.3", "@tursodatabase/sync": ">=0.6.0-pre.28 || >=0.6.0", "@types/better-sqlite3": "*", "@types/mssql": "^9.1.4", "@types/pg": "*", "@types/sql.js": "*", "@upstash/redis": ">=1.34.7", "@vercel/postgres": ">=0.8.0", "@xata.io/client": "*", "arktype": ">=2.0.0", "better-sqlite3": ">=9.3.0", "bun-types": "*", "effect": ">=4.0.0-beta.83 || >=4.0.0", "expo-sqlite": ">=14.0.0", "mssql": "^11.0.1", "mysql2": ">=2", "pg": ">=8", "postgres": ">=3", "sql.js": ">=1", "sqlite3": ">=5", "typebox": ">=1.0.0", "valibot": ">=1.0.0-beta.7", "zod": "^3.25.0 || ^4.0.0" }, "optionalPeers": ["@aws-sdk/client-rds-data", "@cloudflare/workers-types", "@effect/sql-d1", "@effect/sql-libsql", "@effect/sql-mysql2", "@effect/sql-pg", "@effect/sql-pglite", "@effect/sql-sqlite-bun", "@effect/sql-sqlite-do", "@effect/sql-sqlite-node", "@effect/sql-sqlite-wasm", "@electric-sql/pglite", "@libsql/client", "@libsql/client-wasm", "@neondatabase/serverless", "@op-engineering/op-sqlite", "@opentelemetry/api", "@planetscale/database", "@sinclair/typebox", "@sqlitecloud/drivers", "@tidbcloud/serverless", "@tursodatabase/database", "@tursodatabase/database-common", "@tursodatabase/database-wasm", "@tursodatabase/serverless", "@tursodatabase/sync", "@types/better-sqlite3", "@types/mssql", "@types/pg", "@types/sql.js", "@upstash/redis", "@vercel/postgres", "@xata.io/client", "arktype", "better-sqlite3", "bun-types", "effect", "expo-sqlite", "mssql", "mysql2", "pg", "postgres", "sql.js", "sqlite3", "typebox", "valibot", "zod"] }, "sha512-BT+pf+qoiYHqltoA88Jmf6ilGMXPlpfE0hEJKc2adRtMCAl25Swk/t5gXcWxZNAwdtf3F5gCd2FpeOyP/pT0Hw=="],

    "effect": ["effect@3.22.0", "", { "dependencies": { "@standard-schema/spec": "^1.0.0", "fast-check": "^3.23.1" } }, "sha512-jhYFe0zTlIRqYFrKTS+6luhmS/Tm0f+JLo0K9KUxvtFab1SUGEszQi2ehOP6QzAZvy831lDmTwwzvVDZSPNz3g=="],

    "fast-check": ["fast-check@3.23.2", "", { "dependencies": { "pure-rand": "^6.1.0" } }, "sha512-h5+1OzzfCC3Ef7VbtKdcv7zsstUQwUDlYpUTvjeUsJAssPgLn7QzbboPtL5ro04Mq0rPOsMzl7q5hIbRs2wD1A=="],

    "postgres": ["postgres@3.4.9", "", {}, "sha512-GD3qdB0x1z9xgFI6cdRD6xu2Sp2WCOEoe3mtnyB5Ee0XrrL5Pe+e4CCnJrRMnL1zYtRDZmQQVbvOttLnKDLnaw=="],

    "prettier": ["prettier@3.5.3", "", { "bin": { "prettier": "bin/prettier.cjs" } }, "sha512-QQtaxnoDJeAkDvDKWCLiwIXkTgRhwYDEQCghU9Z6q03iyek/rxRh/2lC3HB7P8sWT2xC/y5JDctPLBIGzHKbhw=="],

    "pure-rand": ["pure-rand@6.1.0", "", {}, "sha512-bVWawvoZoBYpp6yIoQtQXHZjmz35RSVHnUOTefl8Vcjr8snTPY1wnpSPMWekcFwbxI6gtmT7rSYPFvz71ldiOA=="],

    "typescript": ["typescript@5.8.3", "", { "bin": { "tsc": "bin/tsc", "tsserver": "bin/tsserver" } }, "sha512-p1diW6TqL9L07nNxvRMM7hMMw4c5XOo/1ibL4aAIGmSAt9slTE1Xgw5KWuof2uTOvCg9BY7ZRi+GaF+7sfgPeQ=="],

    "undici-types": ["undici-types@8.3.0", "", {}, "sha512-j375ScV60dom+YkPFIfTLcOiPxkN/buHz5GobjLhixFuANaNs3C9l4GmrWqejgXWJ7BbJcFYpTEUkS1Ge8bpZQ=="],

    "drizzle-orm/effect": ["effect@3.21.4", "", { "dependencies": { "@standard-schema/spec": "^1.0.0", "fast-check": "^3.23.1" } }, "sha512-B89v/xSgPbl1J2Ai2u18jxq3odpFauU1rC6/eSs4FeNHi72kwKdJp12VGigvRV2lK+kRnx+OOz41XV8guZd4gQ=="],
  }
}
